
Microsoft Visual Studio Solution File, Format Version 12.00
# Visual Studio Version 17
VisualStudioVersion = 17.9.34701.34
MinimumVisualStudioVersion = 10.0.40219.1
Project("{888888A0-9F3D-457C-B088-3A5042F75D52}") = "WebScrape", "WebScrape.pyproj", "{084A815F-89B2-4ED8-8EFC-344A5FAEF797}"
EndProject
Global
	GlobalSection(SolutionConfigurationPlatforms) = preSolution
		Debug|Any CPU = Debug|Any CPU
		Release|Any CPU = Release|Any CPU
	EndGlobalSection
	GlobalSection(ProjectConfigurationPlatforms) = postSolution
		{084A815F-89B2-4ED8-8EFC-344A5FAEF797}.Debug|Any CPU.ActiveCfg = Debug|Any CPU
		{084A815F-89B2-4ED8-8EFC-344A5FAEF797}.Release|Any CPU.ActiveCfg = Release|Any CPU
	EndGlobalSection
	GlobalSection(SolutionProperties) = preSolution
		HideSolutionNode = FALSE
	EndGlobalSection
	GlobalSection(ExtensibilityGlobals) = postSolution
		SolutionGuid = {ACF27BF8-7DD8-4D89-9D34-F8EC9F2EB88D}
	EndGlobalSection
EndGlobal
